
Microsoft Visual Studio Solution File, Format Version 12.00
# Visual Studio Version 17
VisualStudioVersion = 17.3.32825.248
MinimumVisualStudioVersion = 10.0.40219.1
Project("{9A19103F-16F7-4668-BE54-9A1E7A4F7556}") = "kb21", "kb21\kb21.csproj", "{6328B611-A662-4FF8-8993-8C250F8A9C1C}"
EndProject
Project("{9A19103F-16F7-4668-BE54-9A1E7A4F7556}") = "kb21_console", "kb21_console\kb21_console.csproj", "{1324D238-39FD-4D8C-A88F-7656EAF07B89}"
EndProject
Project("{9A19103F-16F7-4668-BE54-9A1E7A4F7556}") = "kb21_tools", "kb21_tools\kb21_tools.csproj", "{C26EDDA4-F9FA-4C2F-800F-E438BE43601F}"
EndProject
Project("{9A19103F-16F7-4668-BE54-9A1E7A4F7556}") = "kb21_web", "kb21_web\kb21_web.csproj", "{32DCBF87-D271-4F91-BBEC-37EFFC4DAB97}"
EndProject
Project("{5697748A-77EF-44CA-8824-4F5637E5945B}") = "kb21_lua", "kb21_lua\kb21_lua.luaproj", "{E439935D-B2A2-46AE-856D-2AA408428F33}"
EndProject
Project("{FAE04EC0-301F-11D3-BF4B-00C04F79EFBC}") = "kb21_wpf", "kb21_wpf\kb21_wpf.csproj", "{D383CA14-4B1E-42F2-9B57-AD571576DB2E}"
EndProject
Global
	GlobalSection(SolutionConfigurationPlatforms) = preSolution
		Debug|Any CPU = Debug|Any CPU
		Release|Any CPU = Release|Any CPU
	EndGlobalSection
	GlobalSection(ProjectConfigurationPlatforms) = postSolution
		{6328B611-A662-4FF8-8993-8C250F8A9C1C}.Debug|Any CPU.ActiveCfg = Debug|Any CPU
		{6328B611-A662-4FF8-8993-8C250F8A9C1C}.Debug|Any CPU.Build.0 = Debug|Any CPU
		{6328B611-A662-4FF8-8993-8C250F8A9C1C}.Release|Any CPU.ActiveCfg = Release|Any CPU
		{6328B611-A662-4FF8-8993-8C250F8A9C1C}.Release|Any CPU.Build.0 = Release|Any CPU
		{1324D238-39FD-4D8C-A88F-7656EAF07B89}.Debug|Any CPU.ActiveCfg = Debug|Any CPU
		{1324D238-39FD-4D8C-A88F-7656EAF07B89}.Debug|Any CPU.Build.0 = Debug|Any CPU
		{1324D238-39FD-4D8C-A88F-7656EAF07B89}.Release|Any CPU.ActiveCfg = Release|Any CPU
		{1324D238-39FD-4D8C-A88F-7656EAF07B89}.Release|Any CPU.Build.0 = Release|Any CPU
		{C26EDDA4-F9FA-4C2F-800F-E438BE43601F}.Debug|Any CPU.ActiveCfg = Debug|Any CPU
		{C26EDDA4-F9FA-4C2F-800F-E438BE43601F}.Debug|Any CPU.Build.0 = Debug|Any CPU
		{C26EDDA4-F9FA-4C2F-800F-E438BE43601F}.Release|Any CPU.ActiveCfg = Release|Any CPU
		{C26EDDA4-F9FA-4C2F-800F-E438BE43601F}.Release|Any CPU.Build.0 = Release|Any CPU
		{32DCBF87-D271-4F91-BBEC-37EFFC4DAB97}.Debug|Any CPU.ActiveCfg = Debug|Any CPU
		{32DCBF87-D271-4F91-BBEC-37EFFC4DAB97}.Debug|Any CPU.Build.0 = Debug|Any CPU
		{32DCBF87-D271-4F91-BBEC-37EFFC4DAB97}.Release|Any CPU.ActiveCfg = Release|Any CPU
		{32DCBF87-D271-4F91-BBEC-37EFFC4DAB97}.Release|Any CPU.Build.0 = Release|Any CPU
		{E439935D-B2A2-46AE-856D-2AA408428F33}.Debug|Any CPU.ActiveCfg = Debug|Any CPU
		{E439935D-B2A2-46AE-856D-2AA408428F33}.Release|Any CPU.ActiveCfg = Release|Any CPU
		{D383CA14-4B1E-42F2-9B57-AD571576DB2E}.Debug|Any CPU.ActiveCfg = Debug|Any CPU
		{D383CA14-4B1E-42F2-9B57-AD571576DB2E}.Debug|Any CPU.Build.0 = Debug|Any CPU
		{D383CA14-4B1E-42F2-9B57-AD571576DB2E}.Release|Any CPU.ActiveCfg = Release|Any CPU
		{D383CA14-4B1E-42F2-9B57-AD571576DB2E}.Release|Any CPU.Build.0 = Release|Any CPU
	EndGlobalSection
	GlobalSection(SolutionProperties) = preSolution
		HideSolutionNode = FALSE
	EndGlobalSection
	GlobalSection(ExtensibilityGlobals) = postSolution
		SolutionGuid = {51FBFBAB-5FB3-4256-8BF2-583B24AA5EFE}
	EndGlobalSection
EndGlobal
